
Microsoft Visual Studio Solution File, Format Version 12.00
# Visual Studio 15
VisualStudioVersion = 15.0.27428.2002
MinimumVisualStudioVersion = 10.0.40219.1
Project("{FAE04EC0-301F-11D3-BF4B-00C04F79EFBC}") = "102-PracticeTest1-Temperatures", "102-PracticeTest1-Temperatures\102-PracticeTest1-Temperatures.csproj", "{9904A065-E4FD-4B59-8172-D2FE632E8AAC}"
EndProject
Global
	GlobalSection(SolutionConfigurationPlatforms) = preSolution
		Debug|Any CPU = Debug|Any CPU
		Release|Any CPU = Release|Any CPU
	EndGlobalSection
	GlobalSection(ProjectConfigurationPlatforms) = postSolution
		{9904A065-E4FD-4B59-8172-D2FE632E8AAC}.Debug|Any CPU.ActiveCfg = Debug|Any CPU
		{9904A065-E4FD-4B59-8172-D2FE632E8AAC}.Debug|Any CPU.Build.0 = Debug|Any CPU
		{9904A065-E4FD-4B59-8172-D2FE632E8AAC}.Release|Any CPU.ActiveCfg = Release|Any CPU
		{9904A065-E4FD-4B59-8172-D2FE632E8AAC}.Release|Any CPU.Build.0 = Release|Any CPU
	EndGlobalSection
	GlobalSection(SolutionProperties) = preSolution
		HideSolutionNode = FALSE
	EndGlobalSection
	GlobalSection(ExtensibilityGlobals) = postSolution
		SolutionGuid = {5769DB19-4E41-4D41-9788-B2E4513785E2}
	EndGlobalSection
EndGlobal
